
Microsoft Visual Studio Solution File, Format Version 12.00
# Visual Studio Version 17
VisualStudioVersion = 17.6.33712.159
MinimumVisualStudioVersion = 10.0.40219.1
Project("{FAE04EC0-301F-11D3-BF4B-00C04F79EFBC}") = "DotNetSamples", "DotNetSamples\DotNetSamples.csproj", "{E2BAEE99-658C-4442-B8F7-7CF067838624}"
EndProject
Project("{FAE04EC0-301F-11D3-BF4B-00C04F79EFBC}") = "AlarmConverter", "AlarmConverter\AlarmConverter.csproj", "{E52D113A-8001-4C8D-87CF-8C73A2BEE52A}"
EndProject
Project("{FAE04EC0-301F-11D3-BF4B-00C04F79EFBC}") = "AssignableTest", "AssignableTest\AssignableTest.csproj", "{53B2467A-7905-4CE9-BEC5-B48456B64860}"
EndProject
Project("{FAE04EC0-301F-11D3-BF4B-00C04F79EFBC}") = "AsyncTest", "AsyncTest\AsyncTest.csproj", "{CA3CFD18-04C1-490E-9110-A77D460C2D51}"
EndProject
Project("{FAE04EC0-301F-11D3-BF4B-00C04F79EFBC}") = "ByteTest", "ByteTest\ByteTest.csproj", "{453D3F84-6958-4867-8B27-191A14C79224}"
EndProject
Project("{FAE04EC0-301F-11D3-BF4B-00C04F79EFBC}") = "ClassDefaultValueTest", "ClassDefaultValueTest\ClassDefaultValueTest.csproj", "{9E740EE3-4DD1-42B9-8C31-13F75547AEF4}"
EndProject
Project("{FAE04EC0-301F-11D3-BF4B-00C04F79EFBC}") = "FactoryTest", "FactoryTest\FactoryTest.csproj", "{8C8F371E-ED37-44A2-B424-E0DA834FF9F1}"
EndProject
Project("{FAE04EC0-301F-11D3-BF4B-00C04F79EFBC}") = "FileTest", "FileTest\FileTest.csproj", "{13AC5EB7-F2C0-4CC3-93AB-CB556BEE85EA}"
EndProject
Project("{FAE04EC0-301F-11D3-BF4B-00C04F79EFBC}") = "ForeachTest", "ForeachTest\ForeachTest.csproj", "{59B07BE7-7E4C-45FF-BB7B-F477DE263D23}"
EndProject
Project("{FAE04EC0-301F-11D3-BF4B-00C04F79EFBC}") = "HardWareTest", "HardWareTest\HardWareTest.csproj", "{F0B7A311-CDE8-4190-B4B0-A2B5884F3E99}"
EndProject
Project("{FAE04EC0-301F-11D3-BF4B-00C04F79EFBC}") = "HttpSample", "HttpSample\HttpSample.csproj", "{434D4349-D42E-45A5-8BB8-0ECF68F2A17B}"
EndProject
Project("{FAE04EC0-301F-11D3-BF4B-00C04F79EFBC}") = "InstanceTest", "InstanceTest\InstanceTest.csproj", "{89F512E0-5D5A-4884-88CD-C2F049851AFB}"
EndProject
Project("{FAE04EC0-301F-11D3-BF4B-00C04F79EFBC}") = "NetDetector", "NetDetector\NetDetector.csproj", "{4DC1320E-4F2D-4EE9-BF9C-00FC50764A70}"
EndProject
Project("{FAE04EC0-301F-11D3-BF4B-00C04F79EFBC}") = "MulticastSocket", "MulticastSocket\MulticastSocket.csproj", "{6F4AA902-FA10-48E7-BE65-8229EA3B05D9}"
EndProject
Project("{FAE04EC0-301F-11D3-BF4B-00C04F79EFBC}") = "RedisTest", "RedisTest\RedisTest.csproj", "{720F2D89-0859-410C-99BF-614E7ED85102}"
EndProject
Project("{FAE04EC0-301F-11D3-BF4B-00C04F79EFBC}") = "EnumTest", "EnumTest\EnumTest.csproj", "{4D0578BE-4D48-4B98-A5A0-543E761719E1}"
EndProject
Project("{FAE04EC0-301F-11D3-BF4B-00C04F79EFBC}") = "StackTest", "StackTest\StackTest.csproj", "{DF3C1FFC-A3D9-4EFE-A2C3-7E0BC596803F}"
EndProject
Project("{FAE04EC0-301F-11D3-BF4B-00C04F79EFBC}") = "TimeConverter", "TimeConverter\TimeConverter.csproj", "{6DA04E8B-7299-4353-8D97-88A87DCA6846}"
EndProject
Project("{FAE04EC0-301F-11D3-BF4B-00C04F79EFBC}") = "XmlTest", "XmlTest\XmlTest.csproj", "{B4067360-EA47-402E-9B5B-9D6EAA73352E}"
EndProject
Project("{2150E333-8FDC-42A3-9474-1A3956D46DE8}") = "基础数据结构", "基础数据结构", "{A8F87FCE-AA44-4EF2-8F3F-329C09395CE0}"
EndProject
Project("{2150E333-8FDC-42A3-9474-1A3956D46DE8}") = "工具", "工具", "{35CA3CED-91D3-433E-AAC7-5FD1B74D00BE}"
EndProject
Project("{2150E333-8FDC-42A3-9474-1A3956D46DE8}") = "第三方工具", "第三方工具", "{20ED3A60-BDF3-4818-AB54-E364F7577F02}"
EndProject
Project("{2150E333-8FDC-42A3-9474-1A3956D46DE8}") = "基础方法", "基础方法", "{34FEA8AA-0331-4DA2-9AAC-9B897923E37F}"
EndProject
Project("{2150E333-8FDC-42A3-9474-1A3956D46DE8}") = "WPF", "WPF", "{5A0E0B9A-6C16-4B3A-BEB8-9D9642BF8E53}"
EndProject
Project("{FAE04EC0-301F-11D3-BF4B-00C04F79EFBC}") = "CheckComboBoxSample", "CheckComboBoxSample\CheckComboBoxSample.csproj", "{D7F7AF2A-40F3-4B6D-9731-C93579F5AB11}"
EndProject
Project("{FAE04EC0-301F-11D3-BF4B-00C04F79EFBC}") = "CirclePanelSample", "CirclePanelSample\CirclePanelSample.csproj", "{47DAC490-EFC4-4CFE-8913-0D0628AF85AE}"
EndProject
Project("{FAE04EC0-301F-11D3-BF4B-00C04F79EFBC}") = "GrowlSample", "GrowlSample\GrowlSample.csproj", "{C311F93B-2AE7-4CFF-AAFA-05BDAACAB9F6}"
EndProject
Project("{FAE04EC0-301F-11D3-BF4B-00C04F79EFBC}") = "ConstructorTest", "ConstructorTest\ConstructorTest.csproj", "{B17696A3-A178-4362-BF88-93F90C360B9F}"
EndProject
Project("{FAE04EC0-301F-11D3-BF4B-00C04F79EFBC}") = "ExcelDataReaderTest", "ExcelDataReaderTest\ExcelDataReaderTest.csproj", "{2E20E841-0F60-421F-859D-A03D1331DC25}"
EndProject
Project("{FAE04EC0-301F-11D3-BF4B-00C04F79EFBC}") = "QueueTest", "QueueTest\QueueTest.csproj", "{8C37D399-439B-489D-A8F6-49F8DE6EFE5F}"
EndProject
Project("{FAE04EC0-301F-11D3-BF4B-00C04F79EFBC}") = "WpfTest", "WpfTest\WpfTest.csproj", "{B100A4FF-9D57-4DE8-A049-6ADB026E1C31}"
EndProject
Project("{9A19103F-16F7-4668-BE54-9A1E7A4F7556}") = "DotNet6Sample", "DotNet6Sample\DotNet6Sample.csproj", "{2B139934-F951-4DF3-9F8F-2AEAE25BE6C7}"
EndProject
Project("{FAE04EC0-301F-11D3-BF4B-00C04F79EFBC}") = "ThreadPoolTest", "ThreadPoolTest\ThreadPoolTest.csproj", "{AD32F759-9806-4943-9ABA-26BFD0259E94}"
EndProject
Project("{FAE04EC0-301F-11D3-BF4B-00C04F79EFBC}") = "AnimationTest", "AnimationTest\AnimationTest.csproj", "{C6E64E9E-0AF6-4860-800F-65B1346B8C45}"
EndProject
Project("{FAE04EC0-301F-11D3-BF4B-00C04F79EFBC}") = "ExceptionTest", "ExceptionTest\ExceptionTest.csproj", "{BCAEA809-B6B6-4433-8B49-9D49E551DC1D}"
EndProject
Project("{FAE04EC0-301F-11D3-BF4B-00C04F79EFBC}") = "ClassTest", "ClassTest\ClassTest.csproj", "{1CE05130-D7F3-4D5E-81A9-E478073A70E9}"
EndProject
Project("{9A19103F-16F7-4668-BE54-9A1E7A4F7556}") = "ClassTestV6", "ClassTestV6\ClassTestV6.csproj", "{9720F33A-50D8-4259-9889-121BC7419337}"
EndProject
Project("{FAE04EC0-301F-11D3-BF4B-00C04F79EFBC}") = "DictionaryTest", "DictionaryTest\DictionaryTest.csproj", "{75F3878D-9789-40C3-A146-36F4C5F99947}"
EndProject
Project("{FAE04EC0-301F-11D3-BF4B-00C04F79EFBC}") = "ProcessTest", "ProcessTest\ProcessTest.csproj", "{B869D354-0E8D-4866-BF7B-0B713B418198}"
EndProject
Project("{FAE04EC0-301F-11D3-BF4B-00C04F79EFBC}") = "EnviromentTest", "EnviromentTest\EnviromentTest.csproj", "{BDB7CB54-057F-47C2-A39E-BAF3A6DE4D97}"
EndProject
Project("{FAE04EC0-301F-11D3-BF4B-00C04F79EFBC}") = "TimerTest", "TimerTest\TimerTest.csproj", "{93363F92-FDF1-4A99-A75E-8A7E43A052FE}"
EndProject
Project("{FAE04EC0-301F-11D3-BF4B-00C04F79EFBC}") = "TaskTest", "TaskTest\TaskTest.csproj", "{A515F02E-FB85-4D31-8FFC-AD2BD3D01803}"
EndProject
Project("{FAE04EC0-301F-11D3-BF4B-00C04F79EFBC}") = "RuntimeException", "RuntimeException\RuntimeException.csproj", "{198EAC02-06E8-4396-A20C-1E5DAA43BFAB}"
EndProject
Global
	GlobalSection(SolutionConfigurationPlatforms) = preSolution
		Debug|Any CPU = Debug|Any CPU
		Release|Any CPU = Release|Any CPU
	EndGlobalSection
	GlobalSection(ProjectConfigurationPlatforms) = postSolution
		{E2BAEE99-658C-4442-B8F7-7CF067838624}.Debug|Any CPU.ActiveCfg = Debug|Any CPU
		{E2BAEE99-658C-4442-B8F7-7CF067838624}.Debug|Any CPU.Build.0 = Debug|Any CPU
		{E2BAEE99-658C-4442-B8F7-7CF067838624}.Release|Any CPU.ActiveCfg = Release|Any CPU
		{E2BAEE99-658C-4442-B8F7-7CF067838624}.Release|Any CPU.Build.0 = Release|Any CPU
		{E52D113A-8001-4C8D-87CF-8C73A2BEE52A}.Debug|Any CPU.ActiveCfg = Debug|Any CPU
		{E52D113A-8001-4C8D-87CF-8C73A2BEE52A}.Debug|Any CPU.Build.0 = Debug|Any CPU
		{E52D113A-8001-4C8D-87CF-8C73A2BEE52A}.Release|Any CPU.ActiveCfg = Release|Any CPU
		{E52D113A-8001-4C8D-87CF-8C73A2BEE52A}.Release|Any CPU.Build.0 = Release|Any CPU
		{53B2467A-7905-4CE9-BEC5-B48456B64860}.Debug|Any CPU.ActiveCfg = Debug|Any CPU
		{53B2467A-7905-4CE9-BEC5-B48456B64860}.Debug|Any CPU.Build.0 = Debug|Any CPU
		{53B2467A-7905-4CE9-BEC5-B48456B64860}.Release|Any CPU.ActiveCfg = Release|Any CPU
		{53B2467A-7905-4CE9-BEC5-B48456B64860}.Release|Any CPU.Build.0 = Release|Any CPU
		{CA3CFD18-04C1-490E-9110-A77D460C2D51}.Debug|Any CPU.ActiveCfg = Debug|Any CPU
		{CA3CFD18-04C1-490E-9110-A77D460C2D51}.Debug|Any CPU.Build.0 = Debug|Any CPU
		{CA3CFD18-04C1-490E-9110-A77D460C2D51}.Release|Any CPU.ActiveCfg = Release|Any CPU
		{CA3CFD18-04C1-490E-9110-A77D460C2D51}.Release|Any CPU.Build.0 = Release|Any CPU
		{453D3F84-6958-4867-8B27-191A14C79224}.Debug|Any CPU.ActiveCfg = Debug|Any CPU
		{453D3F84-6958-4867-8B27-191A14C79224}.Debug|Any CPU.Build.0 = Debug|Any CPU
		{453D3F84-6958-4867-8B27-191A14C79224}.Release|Any CPU.ActiveCfg = Release|Any CPU
		{453D3F84-6958-4867-8B27-191A14C79224}.Release|Any CPU.Build.0 = Release|Any CPU
		{9E740EE3-4DD1-42B9-8C31-13F75547AEF4}.Debug|Any CPU.ActiveCfg = Debug|Any CPU
		{9E740EE3-4DD1-42B9-8C31-13F75547AEF4}.Debug|Any CPU.Build.0 = Debug|Any CPU
		{9E740EE3-4DD1-42B9-8C31-13F75547AEF4}.Release|Any CPU.ActiveCfg = Release|Any CPU
		{9E740EE3-4DD1-42B9-8C31-13F75547AEF4}.Release|Any CPU.Build.0 = Release|Any CPU
		{8C8F371E-ED37-44A2-B424-E0DA834FF9F1}.Debug|Any CPU.ActiveCfg = Debug|Any CPU
		{8C8F371E-ED37-44A2-B424-E0DA834FF9F1}.Debug|Any CPU.Build.0 = Debug|Any CPU
		{8C8F371E-ED37-44A2-B424-E0DA834FF9F1}.Release|Any CPU.ActiveCfg = Release|Any CPU
		{8C8F371E-ED37-44A2-B424-E0DA834FF9F1}.Release|Any CPU.Build.0 = Release|Any CPU
		{13AC5EB7-F2C0-4CC3-93AB-CB556BEE85EA}.Debug|Any CPU.ActiveCfg = Debug|Any CPU
		{13AC5EB7-F2C0-4CC3-93AB-CB556BEE85EA}.Debug|Any CPU.Build.0 = Debug|Any CPU
		{13AC5EB7-F2C0-4CC3-93AB-CB556BEE85EA}.Release|Any CPU.ActiveCfg = Release|Any CPU
		{13AC5EB7-F2C0-4CC3-93AB-CB556BEE85EA}.Release|Any CPU.Build.0 = Release|Any CPU
		{59B07BE7-7E4C-45FF-BB7B-F477DE263D23}.Debug|Any CPU.ActiveCfg = Debug|Any CPU
		{59B07BE7-7E4C-45FF-BB7B-F477DE263D23}.Debug|Any CPU.Build.0 = Debug|Any CPU
		{59B07BE7-7E4C-45FF-BB7B-F477DE263D23}.Release|Any CPU.ActiveCfg = Release|Any CPU
		{59B07BE7-7E4C-45FF-BB7B-F477DE263D23}.Release|Any CPU.Build.0 = Release|Any CPU
		{F0B7A311-CDE8-4190-B4B0-A2B5884F3E99}.Debug|Any CPU.ActiveCfg = Debug|Any CPU
		{F0B7A311-CDE8-4190-B4B0-A2B5884F3E99}.Debug|Any CPU.Build.0 = Debug|Any CPU
		{F0B7A311-CDE8-4190-B4B0-A2B5884F3E99}.Release|Any CPU.ActiveCfg = Release|Any CPU
		{F0B7A311-CDE8-4190-B4B0-A2B5884F3E99}.Release|Any CPU.Build.0 = Release|Any CPU
		{434D4349-D42E-45A5-8BB8-0ECF68F2A17B}.Debug|Any CPU.ActiveCfg = Debug|Any CPU
		{434D4349-D42E-45A5-8BB8-0ECF68F2A17B}.Debug|Any CPU.Build.0 = Debug|Any CPU
		{434D4349-D42E-45A5-8BB8-0ECF68F2A17B}.Release|Any CPU.ActiveCfg = Release|Any CPU
		{434D4349-D42E-45A5-8BB8-0ECF68F2A17B}.Release|Any CPU.Build.0 = Release|Any CPU
		{89F512E0-5D5A-4884-88CD-C2F049851AFB}.Debug|Any CPU.ActiveCfg = Debug|Any CPU
		{89F512E0-5D5A-4884-88CD-C2F049851AFB}.Debug|Any CPU.Build.0 = Debug|Any CPU
		{89F512E0-5D5A-4884-88CD-C2F049851AFB}.Release|Any CPU.ActiveCfg = Release|Any CPU
		{89F512E0-5D5A-4884-88CD-C2F049851AFB}.Release|Any CPU.Build.0 = Release|Any CPU
		{4DC1320E-4F2D-4EE9-BF9C-00FC50764A70}.Debug|Any CPU.ActiveCfg = Debug|Any CPU
		{4DC1320E-4F2D-4EE9-BF9C-00FC50764A70}.Debug|Any CPU.Build.0 = Debug|Any CPU
		{4DC1320E-4F2D-4EE9-BF9C-00FC50764A70}.Release|Any CPU.ActiveCfg = Release|Any CPU
		{4DC1320E-4F2D-4EE9-BF9C-00FC50764A70}.Release|Any CPU.Build.0 = Release|Any CPU
		{6F4AA902-FA10-48E7-BE65-8229EA3B05D9}.Debug|Any CPU.ActiveCfg = Debug|Any CPU
		{6F4AA902-FA10-48E7-BE65-8229EA3B05D9}.Debug|Any CPU.Build.0 = Debug|Any CPU
		{6F4AA902-FA10-48E7-BE65-8229EA3B05D9}.Release|Any CPU.ActiveCfg = Release|Any CPU
		{6F4AA902-FA10-48E7-BE65-8229EA3B05D9}.Release|Any CPU.Build.0 = Release|Any CPU
		{720F2D89-0859-410C-99BF-614E7ED85102}.Debug|Any CPU.ActiveCfg = Debug|Any CPU
		{720F2D89-0859-410C-99BF-614E7ED85102}.Debug|Any CPU.Build.0 = Debug|Any CPU
		{720F2D89-0859-410C-99BF-614E7ED85102}.Release|Any CPU.ActiveCfg = Release|Any CPU
		{720F2D89-0859-410C-99BF-614E7ED85102}.Release|Any CPU.Build.0 = Release|Any CPU
		{4D0578BE-4D48-4B98-A5A0-543E761719E1}.Debug|Any CPU.ActiveCfg = Debug|Any CPU
		{4D0578BE-4D48-4B98-A5A0-543E761719E1}.Debug|Any CPU.Build.0 = Debug|Any CPU
		{4D0578BE-4D48-4B98-A5A0-543E761719E1}.Release|Any CPU.ActiveCfg = Release|Any CPU
		{4D0578BE-4D48-4B98-A5A0-543E761719E1}.Release|Any CPU.Build.0 = Release|Any CPU
		{DF3C1FFC-A3D9-4EFE-A2C3-7E0BC596803F}.Debug|Any CPU.ActiveCfg = Debug|Any CPU
		{DF3C1FFC-A3D9-4EFE-A2C3-7E0BC596803F}.Debug|Any CPU.Build.0 = Debug|Any CPU
		{DF3C1FFC-A3D9-4EFE-A2C3-7E0BC596803F}.Release|Any CPU.ActiveCfg = Release|Any CPU
		{DF3C1FFC-A3D9-4EFE-A2C3-7E0BC596803F}.Release|Any CPU.Build.0 = Release|Any CPU
		{6DA04E8B-7299-4353-8D97-88A87DCA6846}.Debug|Any CPU.ActiveCfg = Debug|Any CPU
		{6DA04E8B-7299-4353-8D97-88A87DCA6846}.Debug|Any CPU.Build.0 = Debug|Any CPU
		{6DA04E8B-7299-4353-8D97-88A87DCA6846}.Release|Any CPU.ActiveCfg = Release|Any CPU
		{6DA04E8B-7299-4353-8D97-88A87DCA6846}.Release|Any CPU.Build.0 = Release|Any CPU
		{B4067360-EA47-402E-9B5B-9D6EAA73352E}.Debug|Any CPU.ActiveCfg = Debug|Any CPU
		{B4067360-EA47-402E-9B5B-9D6EAA73352E}.Debug|Any CPU.Build.0 = Debug|Any CPU
		{B4067360-EA47-402E-9B5B-9D6EAA73352E}.Release|Any CPU.ActiveCfg = Release|Any CPU
		{B4067360-EA47-402E-9B5B-9D6EAA73352E}.Release|Any CPU.Build.0 = Release|Any CPU
		{D7F7AF2A-40F3-4B6D-9731-C93579F5AB11}.Debug|Any CPU.ActiveCfg = Debug|Any CPU
		{D7F7AF2A-40F3-4B6D-9731-C93579F5AB11}.Debug|Any CPU.Build.0 = Debug|Any CPU
		{D7F7AF2A-40F3-4B6D-9731-C93579F5AB11}.Release|Any CPU.ActiveCfg = Release|Any CPU
		{D7F7AF2A-40F3-4B6D-9731-C93579F5AB11}.Release|Any CPU.Build.0 = Release|Any CPU
		{47DAC490-EFC4-4CFE-8913-0D0628AF85AE}.Debug|Any CPU.ActiveCfg = Debug|Any CPU
		{47DAC490-EFC4-4CFE-8913-0D0628AF85AE}.Debug|Any CPU.Build.0 = Debug|Any CPU
		{47DAC490-EFC4-4CFE-8913-0D0628AF85AE}.Release|Any CPU.ActiveCfg = Release|Any CPU
		{47DAC490-EFC4-4CFE-8913-0D0628AF85AE}.Release|Any CPU.Build.0 = Release|Any CPU
		{C311F93B-2AE7-4CFF-AAFA-05BDAACAB9F6}.Debug|Any CPU.ActiveCfg = Debug|Any CPU
		{C311F93B-2AE7-4CFF-AAFA-05BDAACAB9F6}.Debug|Any CPU.Build.0 = Debug|Any CPU
		{C311F93B-2AE7-4CFF-AAFA-05BDAACAB9F6}.Release|Any CPU.ActiveCfg = Release|Any CPU
		{C311F93B-2AE7-4CFF-AAFA-05BDAACAB9F6}.Release|Any CPU.Build.0 = Release|Any CPU
		{B17696A3-A178-4362-BF88-93F90C360B9F}.Debug|Any CPU.ActiveCfg = Debug|Any CPU
		{B17696A3-A178-4362-BF88-93F90C360B9F}.Debug|Any CPU.Build.0 = Debug|Any CPU
		{B17696A3-A178-4362-BF88-93F90C360B9F}.Release|Any CPU.ActiveCfg = Release|Any CPU
		{B17696A3-A178-4362-BF88-93F90C360B9F}.Release|Any CPU.Build.0 = Release|Any CPU
		{2E20E841-0F60-421F-859D-A03D1331DC25}.Debug|Any CPU.ActiveCfg = Debug|Any CPU
		{2E20E841-0F60-421F-859D-A03D1331DC25}.Debug|Any CPU.Build.0 = Debug|Any CPU
		{2E20E841-0F60-421F-859D-A03D1331DC25}.Release|Any CPU.ActiveCfg = Release|Any CPU
		{2E20E841-0F60-421F-859D-A03D1331DC25}.Release|Any CPU.Build.0 = Release|Any CPU
		{8C37D399-439B-489D-A8F6-49F8DE6EFE5F}.Debug|Any CPU.ActiveCfg = Debug|Any CPU
		{8C37D399-439B-489D-A8F6-49F8DE6EFE5F}.Debug|Any CPU.Build.0 = Debug|Any CPU
		{8C37D399-439B-489D-A8F6-49F8DE6EFE5F}.Release|Any CPU.ActiveCfg = Release|Any CPU
		{8C37D399-439B-489D-A8F6-49F8DE6EFE5F}.Release|Any CPU.Build.0 = Release|Any CPU
		{B100A4FF-9D57-4DE8-A049-6ADB026E1C31}.Debug|Any CPU.ActiveCfg = Debug|Any CPU
		{B100A4FF-9D57-4DE8-A049-6ADB026E1C31}.Debug|Any CPU.Build.0 = Debug|Any CPU
		{B100A4FF-9D57-4DE8-A049-6ADB026E1C31}.Release|Any CPU.ActiveCfg = Release|Any CPU
		{B100A4FF-9D57-4DE8-A049-6ADB026E1C31}.Release|Any CPU.Build.0 = Release|Any CPU
		{2B139934-F951-4DF3-9F8F-2AEAE25BE6C7}.Debug|Any CPU.ActiveCfg = Debug|Any CPU
		{2B139934-F951-4DF3-9F8F-2AEAE25BE6C7}.Debug|Any CPU.Build.0 = Debug|Any CPU
		{2B139934-F951-4DF3-9F8F-2AEAE25BE6C7}.Release|Any CPU.ActiveCfg = Release|Any CPU
		{2B139934-F951-4DF3-9F8F-2AEAE25BE6C7}.Release|Any CPU.Build.0 = Release|Any CPU
		{AD32F759-9806-4943-9ABA-26BFD0259E94}.Debug|Any CPU.ActiveCfg = Debug|Any CPU
		{AD32F759-9806-4943-9ABA-26BFD0259E94}.Debug|Any CPU.Build.0 = Debug|Any CPU
		{AD32F759-9806-4943-9ABA-26BFD0259E94}.Release|Any CPU.ActiveCfg = Release|Any CPU
		{AD32F759-9806-4943-9ABA-26BFD0259E94}.Release|Any CPU.Build.0 = Release|Any CPU
		{C6E64E9E-0AF6-4860-800F-65B1346B8C45}.Debug|Any CPU.ActiveCfg = Debug|Any CPU
		{C6E64E9E-0AF6-4860-800F-65B1346B8C45}.Debug|Any CPU.Build.0 = Debug|Any CPU
		{C6E64E9E-0AF6-4860-800F-65B1346B8C45}.Release|Any CPU.ActiveCfg = Release|Any CPU
		{C6E64E9E-0AF6-4860-800F-65B1346B8C45}.Release|Any CPU.Build.0 = Release|Any CPU
		{BCAEA809-B6B6-4433-8B49-9D49E551DC1D}.Debug|Any CPU.ActiveCfg = Debug|Any CPU
		{BCAEA809-B6B6-4433-8B49-9D49E551DC1D}.Debug|Any CPU.Build.0 = Debug|Any CPU
		{BCAEA809-B6B6-4433-8B49-9D49E551DC1D}.Release|Any CPU.ActiveCfg = Release|Any CPU
		{BCAEA809-B6B6-4433-8B49-9D49E551DC1D}.Release|Any CPU.Build.0 = Release|Any CPU
		{1CE05130-D7F3-4D5E-81A9-E478073A70E9}.Debug|Any CPU.ActiveCfg = Debug|Any CPU
		{1CE05130-D7F3-4D5E-81A9-E478073A70E9}.Debug|Any CPU.Build.0 = Debug|Any CPU
		{1CE05130-D7F3-4D5E-81A9-E478073A70E9}.Release|Any CPU.ActiveCfg = Release|Any CPU
		{1CE05130-D7F3-4D5E-81A9-E478073A70E9}.Release|Any CPU.Build.0 = Release|Any CPU
		{9720F33A-50D8-4259-9889-121BC7419337}.Debug|Any CPU.ActiveCfg = Debug|Any CPU
		{9720F33A-50D8-4259-9889-121BC7419337}.Debug|Any CPU.Build.0 = Debug|Any CPU
		{9720F33A-50D8-4259-9889-121BC7419337}.Release|Any CPU.ActiveCfg = Release|Any CPU
		{9720F33A-50D8-4259-9889-121BC7419337}.Release|Any CPU.Build.0 = Release|Any CPU
		{75F3878D-9789-40C3-A146-36F4C5F99947}.Debug|Any CPU.ActiveCfg = Debug|Any CPU
		{75F3878D-9789-40C3-A146-36F4C5F99947}.Debug|Any CPU.Build.0 = Debug|Any CPU
		{75F3878D-9789-40C3-A146-36F4C5F99947}.Release|Any CPU.ActiveCfg = Release|Any CPU
		{75F3878D-9789-40C3-A146-36F4C5F99947}.Release|Any CPU.Build.0 = Release|Any CPU
		{B869D354-0E8D-4866-BF7B-0B713B418198}.Debug|Any CPU.ActiveCfg = Debug|Any CPU
		{B869D354-0E8D-4866-BF7B-0B713B418198}.Debug|Any CPU.Build.0 = Debug|Any CPU
		{B869D354-0E8D-4866-BF7B-0B713B418198}.Release|Any CPU.ActiveCfg = Release|Any CPU
		{B869D354-0E8D-4866-BF7B-0B713B418198}.Release|Any CPU.Build.0 = Release|Any CPU
		{BDB7CB54-057F-47C2-A39E-BAF3A6DE4D97}.Debug|Any CPU.ActiveCfg = Debug|Any CPU
		{BDB7CB54-057F-47C2-A39E-BAF3A6DE4D97}.Debug|Any CPU.Build.0 = Debug|Any CPU
		{BDB7CB54-057F-47C2-A39E-BAF3A6DE4D97}.Release|Any CPU.ActiveCfg = Release|Any CPU
		{BDB7CB54-057F-47C2-A39E-BAF3A6DE4D97}.Release|Any CPU.Build.0 = Release|Any CPU
		{93363F92-FDF1-4A99-A75E-8A7E43A052FE}.Debug|Any CPU.ActiveCfg = Debug|Any CPU
		{93363F92-FDF1-4A99-A75E-8A7E43A052FE}.Debug|Any CPU.Build.0 = Debug|Any CPU
		{93363F92-FDF1-4A99-A75E-8A7E43A052FE}.Release|Any CPU.ActiveCfg = Release|Any CPU
		{93363F92-FDF1-4A99-A75E-8A7E43A052FE}.Release|Any CPU.Build.0 = Release|Any CPU
		{A515F02E-FB85-4D31-8FFC-AD2BD3D01803}.Debug|Any CPU.ActiveCfg = Debug|Any CPU
		{A515F02E-FB85-4D31-8FFC-AD2BD3D01803}.Debug|Any CPU.Build.0 = Debug|Any CPU
		{A515F02E-FB85-4D31-8FFC-AD2BD3D01803}.Release|Any CPU.ActiveCfg = Release|Any CPU
		{A515F02E-FB85-4D31-8FFC-AD2BD3D01803}.Release|Any CPU.Build.0 = Release|Any CPU
		{198EAC02-06E8-4396-A20C-1E5DAA43BFAB}.Debug|Any CPU.ActiveCfg = Debug|Any CPU
		{198EAC02-06E8-4396-A20C-1E5DAA43BFAB}.Debug|Any CPU.Build.0 = Debug|Any CPU
		{198EAC02-06E8-4396-A20C-1E5DAA43BFAB}.Release|Any CPU.ActiveCfg = Release|Any CPU
		{198EAC02-06E8-4396-A20C-1E5DAA43BFAB}.Release|Any CPU.Build.0 = Release|Any CPU
	EndGlobalSection
	GlobalSection(SolutionProperties) = preSolution
		HideSolutionNode = FALSE
	EndGlobalSection
	GlobalSection(NestedProjects) = preSolution
		{E52D113A-8001-4C8D-87CF-8C73A2BEE52A} = {35CA3CED-91D3-433E-AAC7-5FD1B74D00BE}
		{53B2467A-7905-4CE9-BEC5-B48456B64860} = {A8F87FCE-AA44-4EF2-8F3F-329C09395CE0}
		{CA3CFD18-04C1-490E-9110-A77D460C2D51} = {34FEA8AA-0331-4DA2-9AAC-9B897923E37F}
		{453D3F84-6958-4867-8B27-191A14C79224} = {A8F87FCE-AA44-4EF2-8F3F-329C09395CE0}
		{9E740EE3-4DD1-42B9-8C31-13F75547AEF4} = {34FEA8AA-0331-4DA2-9AAC-9B897923E37F}
		{8C8F371E-ED37-44A2-B424-E0DA834FF9F1} = {34FEA8AA-0331-4DA2-9AAC-9B897923E37F}
		{13AC5EB7-F2C0-4CC3-93AB-CB556BEE85EA} = {34FEA8AA-0331-4DA2-9AAC-9B897923E37F}
		{59B07BE7-7E4C-45FF-BB7B-F477DE263D23} = {34FEA8AA-0331-4DA2-9AAC-9B897923E37F}
		{F0B7A311-CDE8-4190-B4B0-A2B5884F3E99} = {20ED3A60-BDF3-4818-AB54-E364F7577F02}
		{434D4349-D42E-45A5-8BB8-0ECF68F2A17B} = {35CA3CED-91D3-433E-AAC7-5FD1B74D00BE}
		{89F512E0-5D5A-4884-88CD-C2F049851AFB} = {34FEA8AA-0331-4DA2-9AAC-9B897923E37F}
		{4DC1320E-4F2D-4EE9-BF9C-00FC50764A70} = {35CA3CED-91D3-433E-AAC7-5FD1B74D00BE}
		{6F4AA902-FA10-48E7-BE65-8229EA3B05D9} = {35CA3CED-91D3-433E-AAC7-5FD1B74D00BE}
		{720F2D89-0859-410C-99BF-614E7ED85102} = {20ED3A60-BDF3-4818-AB54-E364F7577F02}
		{4D0578BE-4D48-4B98-A5A0-543E761719E1} = {A8F87FCE-AA44-4EF2-8F3F-329C09395CE0}
		{DF3C1FFC-A3D9-4EFE-A2C3-7E0BC596803F} = {34FEA8AA-0331-4DA2-9AAC-9B897923E37F}
		{6DA04E8B-7299-4353-8D97-88A87DCA6846} = {35CA3CED-91D3-433E-AAC7-5FD1B74D00BE}
		{B4067360-EA47-402E-9B5B-9D6EAA73352E} = {35CA3CED-91D3-433E-AAC7-5FD1B74D00BE}
		{D7F7AF2A-40F3-4B6D-9731-C93579F5AB11} = {5A0E0B9A-6C16-4B3A-BEB8-9D9642BF8E53}
		{47DAC490-EFC4-4CFE-8913-0D0628AF85AE} = {5A0E0B9A-6C16-4B3A-BEB8-9D9642BF8E53}
		{C311F93B-2AE7-4CFF-AAFA-05BDAACAB9F6} = {5A0E0B9A-6C16-4B3A-BEB8-9D9642BF8E53}
		{B17696A3-A178-4362-BF88-93F90C360B9F} = {A8F87FCE-AA44-4EF2-8F3F-329C09395CE0}
		{2E20E841-0F60-421F-859D-A03D1331DC25} = {20ED3A60-BDF3-4818-AB54-E364F7577F02}
		{8C37D399-439B-489D-A8F6-49F8DE6EFE5F} = {A8F87FCE-AA44-4EF2-8F3F-329C09395CE0}
		{B100A4FF-9D57-4DE8-A049-6ADB026E1C31} = {5A0E0B9A-6C16-4B3A-BEB8-9D9642BF8E53}
		{2B139934-F951-4DF3-9F8F-2AEAE25BE6C7} = {5A0E0B9A-6C16-4B3A-BEB8-9D9642BF8E53}
		{AD32F759-9806-4943-9ABA-26BFD0259E94} = {34FEA8AA-0331-4DA2-9AAC-9B897923E37F}
		{C6E64E9E-0AF6-4860-800F-65B1346B8C45} = {5A0E0B9A-6C16-4B3A-BEB8-9D9642BF8E53}
		{BCAEA809-B6B6-4433-8B49-9D49E551DC1D} = {34FEA8AA-0331-4DA2-9AAC-9B897923E37F}
		{1CE05130-D7F3-4D5E-81A9-E478073A70E9} = {A8F87FCE-AA44-4EF2-8F3F-329C09395CE0}
		{9720F33A-50D8-4259-9889-121BC7419337} = {A8F87FCE-AA44-4EF2-8F3F-329C09395CE0}
		{75F3878D-9789-40C3-A146-36F4C5F99947} = {A8F87FCE-AA44-4EF2-8F3F-329C09395CE0}
		{B869D354-0E8D-4866-BF7B-0B713B418198} = {34FEA8AA-0331-4DA2-9AAC-9B897923E37F}
		{BDB7CB54-057F-47C2-A39E-BAF3A6DE4D97} = {34FEA8AA-0331-4DA2-9AAC-9B897923E37F}
		{93363F92-FDF1-4A99-A75E-8A7E43A052FE} = {34FEA8AA-0331-4DA2-9AAC-9B897923E37F}
		{A515F02E-FB85-4D31-8FFC-AD2BD3D01803} = {34FEA8AA-0331-4DA2-9AAC-9B897923E37F}
		{198EAC02-06E8-4396-A20C-1E5DAA43BFAB} = {35CA3CED-91D3-433E-AAC7-5FD1B74D00BE}
	EndGlobalSection
	GlobalSection(ExtensibilityGlobals) = postSolution
		SolutionGuid = {843A8C02-26B4-4E19-8481-80B2AA909A39}
	EndGlobalSection
EndGlobal
